
Microsoft Visual Studio Solution File, Format Version 12.00
# Visual Studio 15
VisualStudioVersion = 15.0.27703.2000
MinimumVisualStudioVersion = 10.0.40219.1
Project("{FAE04EC0-301F-11D3-BF4B-00C04F79EFBC}") = "AltfErp", "AltfErp\AltfErp.csproj", "{8F399C5D-881F-4901-BD7A-8C6A2D85B1AB}"
EndProject
Project("{2150E333-8FDC-42A3-9474-1A3956D46DE8}") = "Classes", "Classes", "{CAFFFA06-5D8E-4807-8DC9-759201D70C82}"
EndProject
Global
	GlobalSection(SolutionConfigurationPlatforms) = preSolution
		Debug|Any CPU = Debug|Any CPU
		Release|Any CPU = Release|Any CPU
	EndGlobalSection
	GlobalSection(ProjectConfigurationPlatforms) = postSolution
		{8F399C5D-881F-4901-BD7A-8C6A2D85B1AB}.Debug|Any CPU.ActiveCfg = Debug|Any CPU
		{8F399C5D-881F-4901-BD7A-8C6A2D85B1AB}.Debug|Any CPU.Build.0 = Debug|Any CPU
		{8F399C5D-881F-4901-BD7A-8C6A2D85B1AB}.Release|Any CPU.ActiveCfg = Release|Any CPU
		{8F399C5D-881F-4901-BD7A-8C6A2D85B1AB}.Release|Any CPU.Build.0 = Release|Any CPU
	EndGlobalSection
	GlobalSection(SolutionProperties) = preSolution
		HideSolutionNode = FALSE
	EndGlobalSection
	GlobalSection(ExtensibilityGlobals) = postSolution
		SolutionGuid = {215821E3-AF94-4C7C-9625-0BD4FE8CFE10}
	EndGlobalSection
EndGlobal
